// !$*UTF8*$!
{
	archiveVersion = 1;
	classes = {
	};
	objectVersion = 56;
	objects = {

/* Begin PBXBuildFile section */
		96DCF9A62C25337B005D971F /* AppDelegate.swift in Sources */ = {isa = PBXBuildFile; fileRef = 96DCF9A52C25337B005D971F /* AppDelegate.swift */; };
		96DCF9A82C25337B005D971F /* SceneDelegate.swift in Sources */ = {isa = PBXBuildFile; fileRef = 96DCF9A72C25337B005D971F /* SceneDelegate.swift */; };
		96DCF9AD2C25337B005D971F /* Base in Resources */ = {isa = PBXBuildFile; fileRef = 96DCF9AC2C25337B005D971F /* Base */; };
		96DCF9AF2C25337C005D971F /* Assets.xcassets in Resources */ = {isa = PBXBuildFile; fileRef = 96DCF9AE2C25337C005D971F /* Assets.xcassets */; };
		96DCF9B22C25337C005D971F /* Base in Resources */ = {isa = PBXBuildFile; fileRef = 96DCF9B12C25337C005D971F /* Base */; };
		96DCF9BD2C25337C005D971F /* LandMarksTests.swift in Sources */ = {isa = PBXBuildFile; fileRef = 96DCF9BC2C25337C005D971F /* LandMarksTests.swift */; };
		96DCF9C72C25337C005D971F /* LandMarksUITests.swift in Sources */ = {isa = PBXBuildFile; fileRef = 96DCF9C62C25337C005D971F /* LandMarksUITests.swift */; };
		96DCF9C92C25337C005D971F /* LandMarksUITestsLaunchTests.swift in Sources */ = {isa = PBXBuildFile; fileRef = 96DCF9C82C25337C005D971F /* LandMarksUITestsLaunchTests.swift */; };
		96DCF9D72C253440005D971F /* landmarkData.json in Resources */ = {isa = PBXBuildFile; fileRef = 96DCF9D62C253440005D971F /* landmarkData.json */; };
		96DCF9DA2C2534A9005D971F /* LandMark.swift in Sources */ = {isa = PBXBuildFile; fileRef = 96DCF9D92C2534A9005D971F /* LandMark.swift */; };
		96DCF9DD2C253545005D971F /* LandMarkService.swift in Sources */ = {isa = PBXBuildFile; fileRef = 96DCF9DC2C253545005D971F /* LandMarkService.swift */; };
		96DCF9E12C2535BB005D971F /* LandMarkTableViewCell.swift in Sources */ = {isa = PBXBuildFile; fileRef = 96DCF9DF2C2535BB005D971F /* LandMarkTableViewCell.swift */; };
		96DCF9E22C2535BB005D971F /* LandMarkTableViewCell.xib in Resources */ = {isa = PBXBuildFile; fileRef = 96DCF9E02C2535BB005D971F /* LandMarkTableViewCell.xib */; };
		96DCF9E52C253923005D971F /* LandMarkListViewController.swift in Sources */ = {isa = PBXBuildFile; fileRef = 96DCF9E42C253923005D971F /* LandMarkListViewController.swift */; };
		96DCF9E72C254864005D971F /* LandMarkListViewModel.swift in Sources */ = {isa = PBXBuildFile; fileRef = 96DCF9E62C254864005D971F /* LandMarkListViewModel.swift */; };
		96DCF9EA2C2556C2005D971F /* JSONLandMarkServiceTests.swift in Sources */ = {isa = PBXBuildFile; fileRef = 96DCF9E92C2556C2005D971F /* JSONLandMarkServiceTests.swift */; };
/* End PBXBuildFile section */

/* Begin PBXContainerItemProxy section */
		96DCF9B92C25337C005D971F /* PBXContainerItemProxy */ = {
			isa = PBXContainerItemProxy;
			containerPortal = 96DCF99A2C25337B005D971F /* Project object */;
			proxyType = 1;
			remoteGlobalIDString = 96DCF9A12C25337B005D971F;
			remoteInfo = LandMarks;
		};
		96DCF9C32C25337C005D971F /* PBXContainerItemProxy */ = {
			isa = PBXContainerItemProxy;
			containerPortal = 96DCF99A2C25337B005D971F /* Project object */;
			proxyType = 1;
			remoteGlobalIDString = 96DCF9A12C25337B005D971F;
			remoteInfo = LandMarks;
		};
/* End PBXContainerItemProxy section */

/* Begin PBXFileReference section */
		96DCF9A22C25337B005D971F /* LandMarks.app */ = {isa = PBXFileReference; explicitFileType = wrapper.application; includeInIndex = 0; path = LandMarks.app; sourceTree = BUILT_PRODUCTS_DIR; };
		96DCF9A52C25337B005D971F /* AppDelegate.swift */ = {isa = PBXFileReference; lastKnownFileType = sourcecode.swift; path = AppDelegate.swift; sourceTree = "<group>"; };
		96DCF9A72C25337B005D971F /* SceneDelegate.swift */ = {isa = PBXFileReference; lastKnownFileType = sourcecode.swift; path = SceneDelegate.swift; sourceTree = "<group>"; };
		96DCF9AC2C25337B005D971F /* Base */ = {isa = PBXFileReference; lastKnownFileType = file.storyboard; name = Base; path = Base.lproj/Main.storyboard; sourceTree = "<group>"; };
		96DCF9AE2C25337C005D971F /* Assets.xcassets */ = {isa = PBXFileReference; lastKnownFileType = folder.assetcatalog; path = Assets.xcassets; sourceTree = "<group>"; };
		96DCF9B12C25337C005D971F /* Base */ = {isa = PBXFileReference; lastKnownFileType = file.storyboard; name = Base; path = Base.lproj/LaunchScreen.storyboard; sourceTree = "<group>"; };
		96DCF9B32C25337C005D971F /* Info.plist */ = {isa = PBXFileReference; lastKnownFileType = text.plist.xml; path = Info.plist; sourceTree = "<group>"; };
		96DCF9B82C25337C005D971F /* LandMarksTests.xctest */ = {isa = PBXFileReference; explicitFileType = wrapper.cfbundle; includeInIndex = 0; path = LandMarksTests.xctest; sourceTree = BUILT_PRODUCTS_DIR; };
		96DCF9BC2C25337C005D971F /* LandMarksTests.swift */ = {isa = PBXFileReference; lastKnownFileType = sourcecode.swift; path = LandMarksTests.swift; sourceTree = "<group>"; };
		96DCF9C22C25337C005D971F /* LandMarksUITests.xctest */ = {isa = PBXFileReference; explicitFileType = wrapper.cfbundle; includeInIndex = 0; path = LandMarksUITests.xctest; sourceTree = BUILT_PRODUCTS_DIR; };
		96DCF9C62C25337C005D971F /* LandMarksUITests.swift */ = {isa = PBXFileReference; lastKnownFileType = sourcecode.swift; path = LandMarksUITests.swift; sourceTree = "<group>"; };
		96DCF9C82C25337C005D971F /* LandMarksUITestsLaunchTests.swift */ = {isa = PBXFileReference; lastKnownFileType = sourcecode.swift; path = LandMarksUITestsLaunchTests.swift; sourceTree = "<group>"; };
		96DCF9D62C253440005D971F /* landmarkData.json */ = {isa = PBXFileReference; fileEncoding = 4; lastKnownFileType = text.json; path = landmarkData.json; sourceTree = "<group>"; };
		96DCF9D92C2534A9005D971F /* LandMark.swift */ = {isa = PBXFileReference; lastKnownFileType = sourcecode.swift; path = LandMark.swift; sourceTree = "<group>"; };
		96DCF9DC2C253545005D971F /* LandMarkService.swift */ = {isa = PBXFileReference; lastKnownFileType = sourcecode.swift; path = LandMarkService.swift; sourceTree = "<group>"; };
		96DCF9DF2C2535BB005D971F /* LandMarkTableViewCell.swift */ = {isa = PBXFileReference; lastKnownFileType = sourcecode.swift; path = LandMarkTableViewCell.swift; sourceTree = "<group>"; };
		96DCF9E02C2535BB005D971F /* LandMarkTableViewCell.xib */ = {isa = PBXFileReference; lastKnownFileType = file.xib; path = LandMarkTableViewCell.xib; sourceTree = "<group>"; };
		96DCF9E42C253923005D971F /* LandMarkListViewController.swift */ = {isa = PBXFileReference; lastKnownFileType = sourcecode.swift; path = LandMarkListViewController.swift; sourceTree = "<group>"; };
		96DCF9E62C254864005D971F /* LandMarkListViewModel.swift */ = {isa = PBXFileReference; lastKnownFileType = sourcecode.swift; path = LandMarkListViewModel.swift; sourceTree = "<group>"; };
		96DCF9E92C2556C2005D971F /* JSONLandMarkServiceTests.swift */ = {isa = PBXFileReference; lastKnownFileType = sourcecode.swift; path = JSONLandMarkServiceTests.swift; sourceTree = "<group>"; };
/* End PBXFileReference section */

/* Begin PBXFrameworksBuildPhase section */
		96DCF99F2C25337B005D971F /* Frameworks */ = {
			isa = PBXFrameworksBuildPhase;
			buildActionMask = 2147483647;
			files = (
			);
			runOnlyForDeploymentPostprocessing = 0;
		};
		96DCF9B52C25337C005D971F /* Frameworks */ = {
			isa = PBXFrameworksBuildPhase;
			buildActionMask = 2147483647;
			files = (
			);
			runOnlyForDeploymentPostprocessing = 0;
		};
		96DCF9BF2C25337C005D971F /* Frameworks */ = {
			isa = PBXFrameworksBuildPhase;
			buildActionMask = 2147483647;
			files = (
			);
			runOnlyForDeploymentPostprocessing = 0;
		};
/* End PBXFrameworksBuildPhase section */

/* Begin PBXGroup section */
		96DCF9992C25337B005D971F = {
			isa = PBXGroup;
			children = (
				96DCF9A42C25337B005D971F /* LandMarks */,
				96DCF9BB2C25337C005D971F /* LandMarksTests */,
				96DCF9C52C25337C005D971F /* LandMarksUITests */,
				96DCF9A32C25337B005D971F /* Products */,
			);
			sourceTree = "<group>";
		};
		96DCF9A32C25337B005D971F /* Products */ = {
			isa = PBXGroup;
			children = (
				96DCF9A22C25337B005D971F /* LandMarks.app */,
				96DCF9B82C25337C005D971F /* LandMarksTests.xctest */,
				96DCF9C22C25337C005D971F /* LandMarksUITests.xctest */,
			);
			name = Products;
			sourceTree = "<group>";
		};
		96DCF9A42C25337B005D971F /* LandMarks */ = {
			isa = PBXGroup;
			children = (
				96DCF9E82C254AF6005D971F /* ViewModels */,
				96DCF9E32C253907005D971F /* Controller */,
				96DCF9DE2C253591005D971F /* Views */,
				96DCF9DB2C25352B005D971F /* Services */,
				96DCF9D82C253495005D971F /* Models */,
				96DCF9D52C253429005D971F /* Resources */,
				96DCF9A52C25337B005D971F /* AppDelegate.swift */,
				96DCF9A72C25337B005D971F /* SceneDelegate.swift */,
				96DCF9AE2C25337C005D971F /* Assets.xcassets */,
				96DCF9B02C25337C005D971F /* LaunchScreen.storyboard */,
				96DCF9B32C25337C005D971F /* Info.plist */,
			);
			path = LandMarks;
			sourceTree = "<group>";
		};
		96DCF9BB2C25337C005D971F /* LandMarksTests */ = {
			isa = PBXGroup;
			children = (
				96DCF9BC2C25337C005D971F /* LandMarksTests.swift */,
				96DCF9E92C2556C2005D971F /* JSONLandMarkServiceTests.swift */,
			);
			path = LandMarksTests;
			sourceTree = "<group>";
		};
		96DCF9C52C25337C005D971F /* LandMarksUITests */ = {
			isa = PBXGroup;
			children = (
				96DCF9C62C25337C005D971F /* LandMarksUITests.swift */,
				96DCF9C82C25337C005D971F /* LandMarksUITestsLaunchTests.swift */,
			);
			path = LandMarksUITests;
			sourceTree = "<group>";
		};
		96DCF9D52C253429005D971F /* Resources */ = {
			isa = PBXGroup;
			children = (
				96DCF9D62C253440005D971F /* landmarkData.json */,
			);
			path = Resources;
			sourceTree = "<group>";
		};
		96DCF9D82C253495005D971F /* Models */ = {
			isa = PBXGroup;
			children = (
				96DCF9D92C2534A9005D971F /* LandMark.swift */,
			);
			path = Models;
			sourceTree = "<group>";
		};
		96DCF9DB2C25352B005D971F /* Services */ = {
			isa = PBXGroup;
			children = (
				96DCF9DC2C253545005D971F /* LandMarkService.swift */,
			);
			path = Services;
			sourceTree = "<group>";
		};
		96DCF9DE2C253591005D971F /* Views */ = {
			isa = PBXGroup;
			children = (
				96DCF9AB2C25337B005D971F /* Main.storyboard */,
				96DCF9DF2C2535BB005D971F /* LandMarkTableViewCell.swift */,
				96DCF9E02C2535BB005D971F /* LandMarkTableViewCell.xib */,
			);
			path = Views;
			sourceTree = "<group>";
		};
		96DCF9E32C253907005D971F /* Controller */ = {
			isa = PBXGroup;
			children = (
				96DCF9E42C253923005D971F /* LandMarkListViewController.swift */,
			);
			path = Controller;
			sourceTree = "<group>";
		};
		96DCF9E82C254AF6005D971F /* ViewModels */ = {
			isa = PBXGroup;
			children = (
				96DCF9E62C254864005D971F /* LandMarkListViewModel.swift */,
			);
			path = ViewModels;
			sourceTree = "<group>";
		};
/* End PBXGroup section */

/* Begin PBXNativeTarget section */
		96DCF9A12C25337B005D971F /* LandMarks */ = {
			isa = PBXNativeTarget;
			buildConfigurationList = 96DCF9CC2C25337C005D971F /* Build configuration list for PBXNativeTarget "LandMarks" */;
			buildPhases = (
				96DCF99E2C25337B005D971F /* Sources */,
				96DCF99F2C25337B005D971F /* Frameworks */,
				96DCF9A02C25337B005D971F /* Resources */,
			);
			buildRules = (
			);
			dependencies = (
			);
			name = LandMarks;
			productName = LandMarks;
			productReference = 96DCF9A22C25337B005D971F /* LandMarks.app */;
			productType = "com.apple.product-type.application";
		};
		96DCF9B72C25337C005D971F /* LandMarksTests */ = {
			isa = PBXNativeTarget;
			buildConfigurationList = 96DCF9CF2C25337C005D971F /* Build configuration list for PBXNativeTarget "LandMarksTests" */;
			buildPhases = (
				96DCF9B42C25337C005D971F /* Sources */,
				96DCF9B52C25337C005D971F /* Frameworks */,
				96DCF9B62C25337C005D971F /* Resources */,
			);
			buildRules = (
			);
			dependencies = (
				96DCF9BA2C25337C005D971F /* PBXTargetDependency */,
			);
			name = LandMarksTests;
			productName = LandMarksTests;
			productReference = 96DCF9B82C25337C005D971F /* LandMarksTests.xctest */;
			productType = "com.apple.product-type.bundle.unit-test";
		};
		96DCF9C12C25337C005D971F /* LandMarksUITests */ = {
			isa = PBXNativeTarget;
			buildConfigurationList = 96DCF9D22C25337C005D971F /* Build configuration list for PBXNativeTarget "LandMarksUITests" */;
			buildPhases = (
				96DCF9BE2C25337C005D971F /* Sources */,
				96DCF9BF2C25337C005D971F /* Frameworks */,
				96DCF9C02C25337C005D971F /* Resources */,
			);
			buildRules = (
			);
			dependencies = (
				96DCF9C42C25337C005D971F /* PBXTargetDependency */,
			);
			name = LandMarksUITests;
			productName = LandMarksUITests;
			productReference = 96DCF9C22C25337C005D971F /* LandMarksUITests.xctest */;
			productType = "com.apple.product-type.bundle.ui-testing";
		};
/* End PBXNativeTarget section */

/* Begin PBXProject section */
		96DCF99A2C25337B005D971F /* Project object */ = {
			isa = PBXProject;
			attributes = {
				BuildIndependentTargetsInParallel = 1;
				LastSwiftUpdateCheck = 1540;
				LastUpgradeCheck = 1540;
				TargetAttributes = {
					96DCF9A12C25337B005D971F = {
						CreatedOnToolsVersion = 15.4;
					};
					96DCF9B72C25337C005D971F = {
						CreatedOnToolsVersion = 15.4;
						TestTargetID = 96DCF9A12C25337B005D971F;
					};
					96DCF9C12C25337C005D971F = {
						CreatedOnToolsVersion = 15.4;
						TestTargetID = 96DCF9A12C25337B005D971F;
					};
				};
			};
			buildConfigurationList = 96DCF99D2C25337B005D971F /* Build configuration list for PBXProject "LandMarks" */;
			compatibilityVersion = "Xcode 14.0";
			developmentRegion = en;
			hasScannedForEncodings = 0;
			knownRegions = (
				en,
				Base,
			);
			mainGroup = 96DCF9992C25337B005D971F;
			productRefGroup = 96DCF9A32C25337B005D971F /* Products */;
			projectDirPath = "";
			projectRoot = "";
			targets = (
				96DCF9A12C25337B005D971F /* LandMarks */,
				96DCF9B72C25337C005D971F /* LandMarksTests */,
				96DCF9C12C25337C005D971F /* LandMarksUITests */,
			);
		};
/* End PBXProject section */

/* Begin PBXResourcesBuildPhase section */
		96DCF9A02C25337B005D971F /* Resources */ = {
			isa = PBXResourcesBuildPhase;
			buildActionMask = 2147483647;
			files = (
				96DCF9E22C2535BB005D971F /* LandMarkTableViewCell.xib in Resources */,
				96DCF9AF2C25337C005D971F /* Assets.xcassets in Resources */,
				96DCF9D72C253440005D971F /* landmarkData.json in Resources */,
				96DCF9B22C25337C005D971F /* Base in Resources */,
				96DCF9AD2C25337B005D971F /* Base in Resources */,
			);
			runOnlyForDeploymentPostprocessing = 0;
		};
		96DCF9B62C25337C005D971F /* Resources */ = {
			isa = PBXResourcesBuildPhase;
			buildActionMask = 2147483647;
			files = (
			);
			runOnlyForDeploymentPostprocessing = 0;
		};
		96DCF9C02C25337C005D971F /* Resources */ = {
			isa = PBXResourcesBuildPhase;
			buildActionMask = 2147483647;
			files = (
			);
			runOnlyForDeploymentPostprocessing = 0;
		};
/* End PBXResourcesBuildPhase section */

/* Begin PBXSourcesBuildPhase section */
		96DCF99E2C25337B005D971F /* Sources */ = {
			isa = PBXSourcesBuildPhase;
			buildActionMask = 2147483647;
			files = (
				96DCF9E72C254864005D971F /* LandMarkListViewModel.swift in Sources */,
				96DCF9DD2C253545005D971F /* LandMarkService.swift in Sources */,
				96DCF9E12C2535BB005D971F /* LandMarkTableViewCell.swift in Sources */,
				96DCF9E52C253923005D971F /* LandMarkListViewController.swift in Sources */,
				96DCF9A62C25337B005D971F /* AppDelegate.swift in Sources */,
				96DCF9A82C25337B005D971F /* SceneDelegate.swift in Sources */,
				96DCF9DA2C2534A9005D971F /* LandMark.swift in Sources */,
			);
			runOnlyForDeploymentPostprocessing = 0;
		};
		96DCF9B42C25337C005D971F /* Sources */ = {
			isa = PBXSourcesBuildPhase;
			buildActionMask = 2147483647;
			files = (
				96DCF9BD2C25337C005D971F /* LandMarksTests.swift in Sources */,
				96DCF9EA2C2556C2005D971F /* JSONLandMarkServiceTests.swift in Sources */,
			);
			runOnlyForDeploymentPostprocessing = 0;
		};
		96DCF9BE2C25337C005D971F /* Sources */ = {
			isa = PBXSourcesBuildPhase;
			buildActionMask = 2147483647;
			files = (
				96DCF9C92C25337C005D971F /* LandMarksUITestsLaunchTests.swift in Sources */,
				96DCF9C72C25337C005D971F /* LandMarksUITests.swift in Sources */,
			);
			runOnlyForDeploymentPostprocessing = 0;
		};
/* End PBXSourcesBuildPhase section */

/* Begin PBXTargetDependency section */
		96DCF9BA2C25337C005D971F /* PBXTargetDependency */ = {
			isa = PBXTargetDependency;
			target = 96DCF9A12C25337B005D971F /* LandMarks */;
			targetProxy = 96DCF9B92C25337C005D971F /* PBXContainerItemProxy */;
		};
		96DCF9C42C25337C005D971F /* PBXTargetDependency */ = {
			isa = PBXTargetDependency;
			target = 96DCF9A12C25337B005D971F /* LandMarks */;
			targetProxy = 96DCF9C32C25337C005D971F /* PBXContainerItemProxy */;
		};
/* End PBXTargetDependency section */

/* Begin PBXVariantGroup section */
		96DCF9AB2C25337B005D971F /* Main.storyboard */ = {
			isa = PBXVariantGroup;
			children = (
				96DCF9AC2C25337B005D971F /* Base */,
			);
			name = Main.storyboard;
			sourceTree = "<group>";
		};
		96DCF9B02C25337C005D971F /* LaunchScreen.storyboard */ = {
			isa = PBXVariantGroup;
			children = (
				96DCF9B12C25337C005D971F /* Base */,
			);
			name = LaunchScreen.storyboard;
			sourceTree = "<group>";
		};
/* End PBXVariantGroup section */

/* Begin XCBuildConfiguration section */
		96DCF9CA2C25337C005D971F /* Debug */ = {
			isa = XCBuildConfiguration;
			buildSettings = {
				ALWAYS_SEARCH_USER_PATHS = NO;
				ASSETCATALOG_COMPILER_GENERATE_SWIFT_ASSET_SYMBOL_EXTENSIONS = YES;
				CLANG_ANALYZER_NONNULL = YES;
				CLANG_ANALYZER_NUMBER_OBJECT_CONVERSION = YES_AGGRESSIVE;
				CLANG_CXX_LANGUAGE_STANDARD = "gnu++20";
				CLANG_ENABLE_MODULES = YES;
				CLANG_ENABLE_OBJC_ARC = YES;
				CLANG_ENABLE_OBJC_WEAK = YES;
				CLANG_WARN_BLOCK_CAPTURE_AUTORELEASING = YES;
				CLANG_WARN_BOOL_CONVERSION = YES;
				CLANG_WARN_COMMA = YES;
				CLANG_WARN_CONSTANT_CONVERSION = YES;
				CLANG_WARN_DEPRECATED_OBJC_IMPLEMENTATIONS = YES;
				CLANG_WARN_DIRECT_OBJC_ISA_USAGE = YES_ERROR;
				CLANG_WARN_DOCUMENTATION_COMMENTS = YES;
				CLANG_WARN_EMPTY_BODY = YES;
				CLANG_WARN_ENUM_CONVERSION = YES;
				CLANG_WARN_INFINITE_RECURSION = YES;
				CLANG_WARN_INT_CONVERSION = YES;
				CLANG_WARN_NON_LITERAL_NULL_CONVERSION = YES;
				CLANG_WARN_OBJC_IMPLICIT_RETAIN_SELF = YES;
				CLANG_WARN_OBJC_LITERAL_CONVERSION = YES;
				CLANG_WARN_OBJC_ROOT_CLASS = YES_ERROR;
				CLANG_WARN_QUOTED_INCLUDE_IN_FRAMEWORK_HEADER = YES;
				CLANG_WARN_RANGE_LOOP_ANALYSIS = YES;
				CLANG_WARN_STRICT_PROTOTYPES = YES;
				CLANG_WARN_SUSPICIOUS_MOVE = YES;
				CLANG_WARN_UNGUARDED_AVAILABILITY = YES_AGGRESSIVE;
				CLANG_WARN_UNREACHABLE_CODE = YES;
				CLANG_WARN__DUPLICATE_METHOD_MATCH = YES;
				COPY_PHASE_STRIP = NO;
				DEBUG_INFORMATION_FORMAT = dwarf;
				ENABLE_STRICT_OBJC_MSGSEND = YES;
				ENABLE_TESTABILITY = YES;
				ENABLE_USER_SCRIPT_SANDBOXING = YES;
				GCC_C_LANGUAGE_STANDARD = gnu17;
				GCC_DYNAMIC_NO_PIC = NO;
				GCC_NO_COMMON_BLOCKS = YES;
				GCC_OPTIMIZATION_LEVEL = 0;
				GCC_PREPROCESSOR_DEFINITIONS = (
					"DEBUG=1",
					"$(inherited)",
				);
				GCC_WARN_64_TO_32_BIT_CONVERSION = YES;
				GCC_WARN_ABOUT_RETURN_TYPE = YES_ERROR;
				GCC_WARN_UNDECLARED_SELECTOR = YES;
				GCC_WARN_UNINITIALIZED_AUTOS = YES_AGGRESSIVE;
				GCC_WARN_UNUSED_FUNCTION = YES;
				GCC_WARN_UNUSED_VARIABLE = YES;
				IPHONEOS_DEPLOYMENT_TARGET = 17.5;
				LOCALIZATION_PREFERS_STRING_CATALOGS = YES;
				MTL_ENABLE_DEBUG_INFO = INCLUDE_SOURCE;
				MTL_FAST_MATH = YES;
				ONLY_ACTIVE_ARCH = YES;
				SDKROOT = iphoneos;
				SWIFT_ACTIVE_COMPILATION_CONDITIONS = "DEBUG $(inherited)";
				SWIFT_OPTIMIZATION_LEVEL = "-Onone";
			};
			name = Debug;
		};
		96DCF9CB2C25337C005D971F /* Release */ = {
			isa = XCBuildConfiguration;
			buildSettings = {
				ALWAYS_SEARCH_USER_PATHS = NO;
				ASSETCATALOG_COMPILER_GENERATE_SWIFT_ASSET_SYMBOL_EXTENSIONS = YES;
				CLANG_ANALYZER_NONNULL = YES;
				CLANG_ANALYZER_NUMBER_OBJECT_CONVERSION = YES_AGGRESSIVE;
				CLANG_CXX_LANGUAGE_STANDARD = "gnu++20";
				CLANG_ENABLE_MODULES = YES;
				CLANG_ENABLE_OBJC_ARC = YES;
				CLANG_ENABLE_OBJC_WEAK = YES;
				CLANG_WARN_BLOCK_CAPTURE_AUTORELEASING = YES;
				CLANG_WARN_BOOL_CONVERSION = YES;
				CLANG_WARN_COMMA = YES;
				CLANG_WARN_CONSTANT_CONVERSION = YES;
				CLANG_WARN_DEPRECATED_OBJC_IMPLEMENTATIONS = YES;
				CLANG_WARN_DIRECT_OBJC_ISA_USAGE = YES_ERROR;
				CLANG_WARN_DOCUMENTATION_COMMENTS = YES;
				CLANG_WARN_EMPTY_BODY = YES;
				CLANG_WARN_ENUM_CONVERSION = YES;
				CLANG_WARN_INFINITE_RECURSION = YES;
				CLANG_WARN_INT_CONVERSION = YES;
				CLANG_WARN_NON_LITERAL_NULL_CONVERSION = YES;
				CLANG_WARN_OBJC_IMPLICIT_RETAIN_SELF = YES;
				CLANG_WARN_OBJC_LITERAL_CONVERSION = YES;
				CLANG_WARN_OBJC_ROOT_CLASS = YES_ERROR;
				CLANG_WARN_QUOTED_INCLUDE_IN_FRAMEWORK_HEADER = YES;
				CLANG_WARN_RANGE_LOOP_ANALYSIS = YES;
				CLANG_WARN_STRICT_PROTOTYPES = YES;
				CLANG_WARN_SUSPICIOUS_MOVE = YES;
				CLANG_WARN_UNGUARDED_AVAILABILITY = YES_AGGRESSIVE;
				CLANG_WARN_UNREACHABLE_CODE = YES;
				CLANG_WARN__DUPLICATE_METHOD_MATCH = YES;
				COPY_PHASE_STRIP = NO;
				DEBUG_INFORMATION_FORMAT = "dwarf-with-dsym";
				ENABLE_NS_ASSERTIONS = NO;
				ENABLE_STRICT_OBJC_MSGSEND = YES;
				ENABLE_USER_SCRIPT_SANDBOXING = YES;
				GCC_C_LANGUAGE_STANDARD = gnu17;
				GCC_NO_COMMON_BLOCKS = YES;
				GCC_WARN_64_TO_32_BIT_CONVERSION = YES;
				GCC_WARN_ABOUT_RETURN_TYPE = YES_ERROR;
				GCC_WARN_UNDECLARED_SELECTOR = YES;
				GCC_WARN_UNINITIALIZED_AUTOS = YES_AGGRESSIVE;
				GCC_WARN_UNUSED_FUNCTION = YES;
				GCC_WARN_UNUSED_VARIABLE = YES;
				IPHONEOS_DEPLOYMENT_TARGET = 17.5;
				LOCALIZATION_PREFERS_STRING_CATALOGS = YES;
				MTL_ENABLE_DEBUG_INFO = NO;
				MTL_FAST_MATH = YES;
				SDKROOT = iphoneos;
				SWIFT_COMPILATION_MODE = wholemodule;
				VALIDATE_PRODUCT = YES;
			};
			name = Release;
		};
		96DCF9CD2C25337C005D971F /* Debug */ = {
			isa = XCBuildConfiguration;
			buildSettings = {
				ASSETCATALOG_COMPILER_APPICON_NAME = AppIcon;
				ASSETCATALOG_COMPILER_GLOBAL_ACCENT_COLOR_NAME = AccentColor;
				CODE_SIGN_STYLE = Automatic;
				CURRENT_PROJECT_VERSION = 1;
				GENERATE_INFOPLIST_FILE = YES;
				INFOPLIST_FILE = LandMarks/Info.plist;
				INFOPLIST_KEY_UIApplicationSupportsIndirectInputEvents = YES;
				INFOPLIST_KEY_UILaunchStoryboardName = LaunchScreen;
				INFOPLIST_KEY_UIMainStoryboardFile = Main;
				INFOPLIST_KEY_UISupportedInterfaceOrientations_iPad = "UIInterfaceOrientationPortrait UIInterfaceOrientationPortraitUpsideDown UIInterfaceOrientationLandscapeLeft UIInterfaceOrientationLandscapeRight";
				INFOPLIST_KEY_UISupportedInterfaceOrientations_iPhone = "UIInterfaceOrientationPortrait UIInterfaceOrientationLandscapeLeft UIInterfaceOrientationLandscapeRight";
				LD_RUNPATH_SEARCH_PATHS = (
					"$(inherited)",
					"@executable_path/Frameworks",
				);
				MARKETING_VERSION = 1.0;
				PRODUCT_BUNDLE_IDENTIFIER = com.shamin.LandMarks.LandMarks;
				PRODUCT_NAME = "$(TARGET_NAME)";
				SWIFT_EMIT_LOC_STRINGS = YES;
				SWIFT_VERSION = 5.0;
				TARGETED_DEVICE_FAMILY = "1,2";
			};
			name = Debug;
		};
		96DCF9CE2C25337C005D971F /* Release */ = {
			isa = XCBuildConfiguration;
			buildSettings = {
				ASSETCATALOG_COMPILER_APPICON_NAME = AppIcon;
				ASSETCATALOG_COMPILER_GLOBAL_ACCENT_COLOR_NAME = AccentColor;
				CODE_SIGN_STYLE = Automatic;
				CURRENT_PROJECT_VERSION = 1;
				GENERATE_INFOPLIST_FILE = YES;
				INFOPLIST_FILE = LandMarks/Info.plist;
				INFOPLIST_KEY_UIApplicationSupportsIndirectInputEvents = YES;
				INFOPLIST_KEY_UILaunchStoryboardName = LaunchScreen;
				INFOPLIST_KEY_UIMainStoryboardFile = Main;
				INFOPLIST_KEY_UISupportedInterfaceOrientations_iPad = "UIInterfaceOrientationPortrait UIInterfaceOrientationPortraitUpsideDown UIInterfaceOrientationLandscapeLeft UIInterfaceOrientationLandscapeRight";
				INFOPLIST_KEY_UISupportedInterfaceOrientations_iPhone = "UIInterfaceOrientationPortrait UIInterfaceOrientationLandscapeLeft UIInterfaceOrientationLandscapeRight";
				LD_RUNPATH_SEARCH_PATHS = (
					"$(inherited)",
					"@executable_path/Frameworks",
				);
				MARKETING_VERSION = 1.0;
				PRODUCT_BUNDLE_IDENTIFIER = com.shamin.LandMarks.LandMarks;
				PRODUCT_NAME = "$(TARGET_NAME)";
				SWIFT_EMIT_LOC_STRINGS = YES;
				SWIFT_VERSION = 5.0;
				TARGETED_DEVICE_FAMILY = "1,2";
			};
			name = Release;
		};
		96DCF9D02C25337C005D971F /* Debug */ = {
			isa = XCBuildConfiguration;
			buildSettings = {
				ALWAYS_EMBED_SWIFT_STANDARD_LIBRARIES = YES;
				BUNDLE_LOADER = "$(TEST_HOST)";
				CODE_SIGN_STYLE = Automatic;
				CURRENT_PROJECT_VERSION = 1;
				GENERATE_INFOPLIST_FILE = YES;
				IPHONEOS_DEPLOYMENT_TARGET = 17.5;
				MARKETING_VERSION = 1.0;
				PRODUCT_BUNDLE_IDENTIFIER = com.shamin.LandMarks.LandMarksTests;
				PRODUCT_NAME = "$(TARGET_NAME)";
				SWIFT_EMIT_LOC_STRINGS = NO;
				SWIFT_VERSION = 5.0;
				TARGETED_DEVICE_FAMILY = "1,2";
				TEST_HOST = "$(BUILT_PRODUCTS_DIR)/LandMarks.app/$(BUNDLE_EXECUTABLE_FOLDER_PATH)/LandMarks";
			};
			name = Debug;
		};
		96DCF9D12C25337C005D971F /* Release */ = {
			isa = XCBuildConfiguration;
			buildSettings = {
				ALWAYS_EMBED_SWIFT_STANDARD_LIBRARIES = YES;
				BUNDLE_LOADER = "$(TEST_HOST)";
				CODE_SIGN_STYLE = Automatic;
				CURRENT_PROJECT_VERSION = 1;
				GENERATE_INFOPLIST_FILE = YES;
				IPHONEOS_DEPLOYMENT_TARGET = 17.5;
				MARKETING_VERSION = 1.0;
				PRODUCT_BUNDLE_IDENTIFIER = com.shamin.LandMarks.LandMarksTests;
				PRODUCT_NAME = "$(TARGET_NAME)";
				SWIFT_EMIT_LOC_STRINGS = NO;
				SWIFT_VERSION = 5.0;
				TARGETED_DEVICE_FAMILY = "1,2";
				TEST_HOST = "$(BUILT_PRODUCTS_DIR)/LandMarks.app/$(BUNDLE_EXECUTABLE_FOLDER_PATH)/LandMarks";
			};
			name = Release;
		};
		96DCF9D32C25337C005D971F /* Debug */ = {
			isa = XCBuildConfiguration;
			buildSettings = {
				ALWAYS_EMBED_SWIFT_STANDARD_LIBRARIES = YES;
				CODE_SIGN_STYLE = Automatic;
				CURRENT_PROJECT_VERSION = 1;
				GENERATE_INFOPLIST_FILE = YES;
				MARKETING_VERSION = 1.0;
				PRODUCT_BUNDLE_IDENTIFIER = com.shamin.LandMarks.LandMarksUITests;
				PRODUCT_NAME = "$(TARGET_NAME)";
				SWIFT_EMIT_LOC_STRINGS = NO;
				SWIFT_VERSION = 5.0;
				TARGETED_DEVICE_FAMILY = "1,2";
				TEST_TARGET_NAME = LandMarks;
			};
			name = Debug;
		};
		96DCF9D42C25337C005D971F /* Release */ = {
			isa = XCBuildConfiguration;
			buildSettings = {
				ALWAYS_EMBED_SWIFT_STANDARD_LIBRARIES = YES;
				CODE_SIGN_STYLE = Automatic;
				CURRENT_PROJECT_VERSION = 1;
				GENERATE_INFOPLIST_FILE = YES;
				MARKETING_VERSION = 1.0;
				PRODUCT_BUNDLE_IDENTIFIER = com.shamin.LandMarks.LandMarksUITests;
				PRODUCT_NAME = "$(TARGET_NAME)";
				SWIFT_EMIT_LOC_STRINGS = NO;
				SWIFT_VERSION = 5.0;
				TARGETED_DEVICE_FAMILY = "1,2";
				TEST_TARGET_NAME = LandMarks;
			};
			name = Release;
		};
/* End XCBuildConfiguration section */

/* Begin XCConfigurationList section */
		96DCF99D2C25337B005D971F /* Build configuration list for PBXProject "LandMarks" */ = {
			isa = XCConfigurationList;
			buildConfigurations = (
				96DCF9CA2C25337C005D971F /* Debug */,
				96DCF9CB2C25337C005D971F /* Release */,
			);
			defaultConfigurationIsVisible = 0;
			defaultConfigurationName = Release;
		};
		96DCF9CC2C25337C005D971F /* Build configuration list for PBXNativeTarget "LandMarks" */ = {
			isa = XCConfigurationList;
			buildConfigurations = (
				96DCF9CD2C25337C005D971F /* Debug */,
				96DCF9CE2C25337C005D971F /* Release */,
			);
			defaultConfigurationIsVisible = 0;
			defaultConfigurationName = Release;
		};
		96DCF9CF2C25337C005D971F /* Build configuration list for PBXNativeTarget "LandMarksTests" */ = {
			isa = XCConfigurationList;
			buildConfigurations = (
				96DCF9D02C25337C005D971F /* Debug */,
				96DCF9D12C25337C005D971F /* Release */,
			);
			defaultConfigurationIsVisible = 0;
			defaultConfigurationName = Release;
		};
		96DCF9D22C25337C005D971F /* Build configuration list for PBXNativeTarget "LandMarksUITests" */ = {
			isa = XCConfigurationList;
			buildConfigurations = (
				96DCF9D32C25337C005D971F /* Debug */,
				96DCF9D42C25337C005D971F /* Release */,
			);
			defaultConfigurationIsVisible = 0;
			defaultConfigurationName = Release;
		};
/* End XCConfigurationList section */
	};
	rootObject = 96DCF99A2C25337B005D971F /* Project object */;
}
